
Microsoft Visual Studio Solution File, Format Version 12.00
# Visual Studio Version 17
VisualStudioVersion = 17.5.33502.453
MinimumVisualStudioVersion = 10.0.40219.1
Project("{FAE04EC0-301F-11D3-BF4B-00C04F79EFBC}") = "NotPad", "NotPad\NotPad.csproj", "{0A2DC9AF-4AAF-4C2A-9365-319D92E25598}"
EndProject
Global
	GlobalSection(SolutionConfigurationPlatforms) = preSolution
		Debug|Any CPU = Debug|Any CPU
		Release|Any CPU = Release|Any CPU
	EndGlobalSection
	GlobalSection(ProjectConfigurationPlatforms) = postSolution
		{0A2DC9AF-4AAF-4C2A-9365-319D92E25598}.Debug|Any CPU.ActiveCfg = Debug|Any CPU
		{0A2DC9AF-4AAF-4C2A-9365-319D92E25598}.Debug|Any CPU.Build.0 = Debug|Any CPU
		{0A2DC9AF-4AAF-4C2A-9365-319D92E25598}.Release|Any CPU.ActiveCfg = Release|Any CPU
		{0A2DC9AF-4AAF-4C2A-9365-319D92E25598}.Release|Any CPU.Build.0 = Release|Any CPU
	EndGlobalSection
	GlobalSection(SolutionProperties) = preSolution
		HideSolutionNode = FALSE
	EndGlobalSection
	GlobalSection(ExtensibilityGlobals) = postSolution
		SolutionGuid = {2001D701-4D38-4216-A524-A265812E98E7}
	EndGlobalSection
EndGlobal
